
Microsoft Visual Studio Solution File, Format Version 12.00
# Visual Studio 15
VisualStudioVersion = 15.0.27004.2009
MinimumVisualStudioVersion = 10.0.40219.1
Project("{FAE04EC0-301F-11D3-BF4B-00C04F79EFBC}") = "WpfMvvmBindingDemo", "WpfMvvmBindingDemo\WpfMvvmBindingDemo.csproj", "{4030F99D-13EF-44E6-B083-F047CD60366E}"
EndProject
Global
	GlobalSection(SolutionConfigurationPlatforms) = preSolution
		Debug|Any CPU = Debug|Any CPU
		Release|Any CPU = Release|Any CPU
	EndGlobalSection
	GlobalSection(ProjectConfigurationPlatforms) = postSolution
		{4030F99D-13EF-44E6-B083-F047CD60366E}.Debug|Any CPU.ActiveCfg = Debug|Any CPU
		{4030F99D-13EF-44E6-B083-F047CD60366E}.Debug|Any CPU.Build.0 = Debug|Any CPU
		{4030F99D-13EF-44E6-B083-F047CD60366E}.Release|Any CPU.ActiveCfg = Release|Any CPU
		{4030F99D-13EF-44E6-B083-F047CD60366E}.Release|Any CPU.Build.0 = Release|Any CPU
	EndGlobalSection
	GlobalSection(SolutionProperties) = preSolution
		HideSolutionNode = FALSE
	EndGlobalSection
	GlobalSection(ExtensibilityGlobals) = postSolution
		SolutionGuid = {DD2E6843-1D96-4FF8-878B-13114B06D573}
	EndGlobalSection
EndGlobal
